
Microsoft Visual Studio Solution File, Format Version 12.00
# Visual Studio Version 17
VisualStudioVersion = 17.10.35013.160
MinimumVisualStudioVersion = 10.0.40219.1
Project("{FAE04EC0-301F-11D3-BF4B-00C04F79EFBC}") = "bone_api", "bone_api\bone_api.csproj", "{DD7EA8BE-058A-459A-86F3-AFC591B4FAAF}"
EndProject
Global
	GlobalSection(SolutionConfigurationPlatforms) = preSolution
		Debug|Any CPU = Debug|Any CPU
		Release|Any CPU = Release|Any CPU
	EndGlobalSection
	GlobalSection(ProjectConfigurationPlatforms) = postSolution
		{DD7EA8BE-058A-459A-86F3-AFC591B4FAAF}.Debug|Any CPU.ActiveCfg = Debug|Any CPU
		{DD7EA8BE-058A-459A-86F3-AFC591B4FAAF}.Debug|Any CPU.Build.0 = Debug|Any CPU
		{DD7EA8BE-058A-459A-86F3-AFC591B4FAAF}.Release|Any CPU.ActiveCfg = Release|Any CPU
		{DD7EA8BE-058A-459A-86F3-AFC591B4FAAF}.Release|Any CPU.Build.0 = Release|Any CPU
	EndGlobalSection
	GlobalSection(SolutionProperties) = preSolution
		HideSolutionNode = FALSE
	EndGlobalSection
	GlobalSection(ExtensibilityGlobals) = postSolution
		SolutionGuid = {8F7562DB-3CDB-4B83-A3DC-7BC4967BA887}
	EndGlobalSection
EndGlobal
